
Microsoft Visual Studio Solution File, Format Version 12.00
# Visual Studio Version 17
VisualStudioVersion = 17.5.002.0
MinimumVisualStudioVersion = 10.0.40219.1
Project("{9A19103F-16F7-4668-BE54-9A1E7A4F7556}") = "taks 1", "taks 1.csproj", "{54F2EF1D-93CD-46F7-94F1-1B0A16775025}"
EndProject
Global
	GlobalSection(SolutionConfigurationPlatforms) = preSolution
		Debug|Any CPU = Debug|Any CPU
		Release|Any CPU = Release|Any CPU
	EndGlobalSection
	GlobalSection(ProjectConfigurationPlatforms) = postSolution
		{54F2EF1D-93CD-46F7-94F1-1B0A16775025}.Debug|Any CPU.ActiveCfg = Debug|Any CPU
		{54F2EF1D-93CD-46F7-94F1-1B0A16775025}.Debug|Any CPU.Build.0 = Debug|Any CPU
		{54F2EF1D-93CD-46F7-94F1-1B0A16775025}.Release|Any CPU.ActiveCfg = Release|Any CPU
		{54F2EF1D-93CD-46F7-94F1-1B0A16775025}.Release|Any CPU.Build.0 = Release|Any CPU
	EndGlobalSection
	GlobalSection(SolutionProperties) = preSolution
		HideSolutionNode = FALSE
	EndGlobalSection
	GlobalSection(ExtensibilityGlobals) = postSolution
		SolutionGuid = {42809A51-9496-4DA8-8567-9DA8D9E8E981}
	EndGlobalSection
EndGlobal
