
Microsoft Visual Studio Solution File, Format Version 12.00
# Visual Studio Version 17
VisualStudioVersion = 17.5.002.0
MinimumVisualStudioVersion = 10.0.40219.1
Project("{9A19103F-16F7-4668-BE54-9A1E7A4F7556}") = "taks 2", "taks 2.csproj", "{72E30A0A-F1EF-44E3-A70D-35135605C5FC}"
EndProject
Global
	GlobalSection(SolutionConfigurationPlatforms) = preSolution
		Debug|Any CPU = Debug|Any CPU
		Release|Any CPU = Release|Any CPU
	EndGlobalSection
	GlobalSection(ProjectConfigurationPlatforms) = postSolution
		{72E30A0A-F1EF-44E3-A70D-35135605C5FC}.Debug|Any CPU.ActiveCfg = Debug|Any CPU
		{72E30A0A-F1EF-44E3-A70D-35135605C5FC}.Debug|Any CPU.Build.0 = Debug|Any CPU
		{72E30A0A-F1EF-44E3-A70D-35135605C5FC}.Release|Any CPU.ActiveCfg = Release|Any CPU
		{72E30A0A-F1EF-44E3-A70D-35135605C5FC}.Release|Any CPU.Build.0 = Release|Any CPU
	EndGlobalSection
	GlobalSection(SolutionProperties) = preSolution
		HideSolutionNode = FALSE
	EndGlobalSection
	GlobalSection(ExtensibilityGlobals) = postSolution
		SolutionGuid = {55CDC912-D9ED-4131-A52D-C9E93974C642}
	EndGlobalSection
EndGlobal
